
Microsoft Visual Studio Solution File, Format Version 12.00
# Visual Studio Version 17
VisualStudioVersion = 17.4.33205.214
MinimumVisualStudioVersion = 10.0.40219.1
Project("{FAE04EC0-301F-11D3-BF4B-00C04F79EFBC}") = "gin", "gin\gin.csproj", "{1CBF5763-94F6-443E-BB78-C77AEF2FED1C}"
EndProject
Global
	GlobalSection(SolutionConfigurationPlatforms) = preSolution
		Debug|Any CPU = Debug|Any CPU
		Release|Any CPU = Release|Any CPU
	EndGlobalSection
	GlobalSection(ProjectConfigurationPlatforms) = postSolution
		{1CBF5763-94F6-443E-BB78-C77AEF2FED1C}.Debug|Any CPU.ActiveCfg = Debug|Any CPU
		{1CBF5763-94F6-443E-BB78-C77AEF2FED1C}.Debug|Any CPU.Build.0 = Debug|Any CPU
		{1CBF5763-94F6-443E-BB78-C77AEF2FED1C}.Release|Any CPU.ActiveCfg = Release|Any CPU
		{1CBF5763-94F6-443E-BB78-C77AEF2FED1C}.Release|Any CPU.Build.0 = Release|Any CPU
	EndGlobalSection
	GlobalSection(SolutionProperties) = preSolution
		HideSolutionNode = FALSE
	EndGlobalSection
	GlobalSection(ExtensibilityGlobals) = postSolution
		SolutionGuid = {74BDE3E7-E786-4098-868D-2028D95F4528}
	EndGlobalSection
EndGlobal
